// !$*UTF8*$!
{
	archiveVersion = 1;
	classes = {
	};
	objectVersion = 50;
	objects = {

/* Begin PBXBuildFile section */
		66A57F6729C4B1940002A6CD /* ReusableView.swift in Sources */ = {isa = PBXBuildFile; fileRef = 66A57F6629C4B1940002A6CD /* ReusableView.swift */; };
		66A57F6C29C4B4E70002A6CD /* RepositoriesView.swift in Sources */ = {isa = PBXBuildFile; fileRef = 66A57F6B29C4B4E70002A6CD /* RepositoriesView.swift */; };
		66A57F6F29C4C68E0002A6CD /* RepoNumbersView.swift in Sources */ = {isa = PBXBuildFile; fileRef = 66A57F6E29C4C68E0002A6CD /* RepoNumbersView.swift */; };
		66A57F7229C4CA700002A6CD /* UIImageName.swift in Sources */ = {isa = PBXBuildFile; fileRef = 66A57F7129C4CA700002A6CD /* UIImageName.swift */; };
		66F67FE729C4791E00AC3452 /* Constants.swift in Sources */ = {isa = PBXBuildFile; fileRef = 66F67FE629C4791E00AC3452 /* Constants.swift */; };
		66F67FEA29C4820A00AC3452 /* UIViewController+Extensions.swift in Sources */ = {isa = PBXBuildFile; fileRef = 66F67FE929C4820A00AC3452 /* UIViewController+Extensions.swift */; };
		AE133BA323442C670040234B /* User.swift in Sources */ = {isa = PBXBuildFile; fileRef = AE133BA223442C670040234B /* User.swift */; };
		AE133BA523442CB00040234B /* Owner.swift in Sources */ = {isa = PBXBuildFile; fileRef = AE133BA423442CB00040234B /* Owner.swift */; };
		AE219CC8234431180019F010 /* RepositoriesViewController.swift in Sources */ = {isa = PBXBuildFile; fileRef = AE219CC6234431180019F010 /* RepositoriesViewController.swift */; };
		AE219CCC2344314B0019F010 /* PullRequestsListViewController.swift in Sources */ = {isa = PBXBuildFile; fileRef = AE219CCA2344314B0019F010 /* PullRequestsListViewController.swift */; };
		AE219CCF234432DE0019F010 /* UINavigationController+Extension.swift in Sources */ = {isa = PBXBuildFile; fileRef = AE219CCE234432DE0019F010 /* UINavigationController+Extension.swift */; };
		AE219CD2234435880019F010 /* WebServices.swift in Sources */ = {isa = PBXBuildFile; fileRef = AE219CD1234435880019F010 /* WebServices.swift */; };
		AE219CD4234436570019F010 /* URLSession+Extension.swift in Sources */ = {isa = PBXBuildFile; fileRef = AE219CD3234436570019F010 /* URLSession+Extension.swift */; };
		AE219CD62346D3380019F010 /* RepositoriesPresenter.swift in Sources */ = {isa = PBXBuildFile; fileRef = AE219CD52346D3380019F010 /* RepositoriesPresenter.swift */; };
		AE45E45A2140E54000E825AC /* UIImageView+Extension.swift in Sources */ = {isa = PBXBuildFile; fileRef = AE45E4592140E54000E825AC /* UIImageView+Extension.swift */; };
		AE45E45E2141686D00E825AC /* PullRequestsTableViewCell.swift in Sources */ = {isa = PBXBuildFile; fileRef = AE45E45C2141686D00E825AC /* PullRequestsTableViewCell.swift */; };
		AE45E4642141758B00E825AC /* PullRequest.swift in Sources */ = {isa = PBXBuildFile; fileRef = AE45E4632141758B00E825AC /* PullRequest.swift */; };
		AE675C1E213F8A5200DACC3F /* AppDelegate.swift in Sources */ = {isa = PBXBuildFile; fileRef = AE675C1D213F8A5200DACC3F /* AppDelegate.swift */; };
		AE675C25213F8A5300DACC3F /* Assets.xcassets in Resources */ = {isa = PBXBuildFile; fileRef = AE675C24213F8A5300DACC3F /* Assets.xcassets */; };
		AE675C28213F8A5300DACC3F /* LaunchScreen.storyboard in Resources */ = {isa = PBXBuildFile; fileRef = AE675C26213F8A5300DACC3F /* LaunchScreen.storyboard */; };
		AE805792234916C300229787 /* RepositoryListViewModel.swift in Sources */ = {isa = PBXBuildFile; fileRef = AE805791234916C300229787 /* RepositoryListViewModel.swift */; };
		AE805799234A397100229787 /* Coordinator.swift in Sources */ = {isa = PBXBuildFile; fileRef = AE805798234A397100229787 /* Coordinator.swift */; };
		AE80579B234A3BDE00229787 /* BaseCoordinator.swift in Sources */ = {isa = PBXBuildFile; fileRef = AE80579A234A3BDE00229787 /* BaseCoordinator.swift */; };
		AE80579D234A3C1B00229787 /* AppCoordinator.swift in Sources */ = {isa = PBXBuildFile; fileRef = AE80579C234A3C1B00229787 /* AppCoordinator.swift */; };
		AE80579F234A3CD900229787 /* Flow.swift in Sources */ = {isa = PBXBuildFile; fileRef = AE80579E234A3CD900229787 /* Flow.swift */; };
		AEB4378321405E14006CBBFE /* Repository.swift in Sources */ = {isa = PBXBuildFile; fileRef = AEB4378221405E14006CBBFE /* Repository.swift */; };
		AEC8DFFA21400FAD002EED88 /* RepositoryCell.swift in Sources */ = {isa = PBXBuildFile; fileRef = AEC8DFF821400FAD002EED88 /* RepositoryCell.swift */; };
/* End PBXBuildFile section */

/* Begin PBXFileReference section */
		66A57F6629C4B1940002A6CD /* ReusableView.swift */ = {isa = PBXFileReference; lastKnownFileType = sourcecode.swift; path = ReusableView.swift; sourceTree = "<group>"; };
		66A57F6B29C4B4E70002A6CD /* RepositoriesView.swift */ = {isa = PBXFileReference; lastKnownFileType = sourcecode.swift; path = RepositoriesView.swift; sourceTree = "<group>"; };
		66A57F6E29C4C68E0002A6CD /* RepoNumbersView.swift */ = {isa = PBXFileReference; lastKnownFileType = sourcecode.swift; path = RepoNumbersView.swift; sourceTree = "<group>"; };
		66A57F7129C4CA700002A6CD /* UIImageName.swift */ = {isa = PBXFileReference; lastKnownFileType = sourcecode.swift; path = UIImageName.swift; sourceTree = "<group>"; };
		66F67FE629C4791E00AC3452 /* Constants.swift */ = {isa = PBXFileReference; lastKnownFileType = sourcecode.swift; path = Constants.swift; sourceTree = "<group>"; };
		66F67FE929C4820A00AC3452 /* UIViewController+Extensions.swift */ = {isa = PBXFileReference; lastKnownFileType = sourcecode.swift; path = "UIViewController+Extensions.swift"; sourceTree = "<group>"; };
		AE133BA223442C670040234B /* User.swift */ = {isa = PBXFileReference; lastKnownFileType = sourcecode.swift; path = User.swift; sourceTree = "<group>"; };
		AE133BA423442CB00040234B /* Owner.swift */ = {isa = PBXFileReference; lastKnownFileType = sourcecode.swift; path = Owner.swift; sourceTree = "<group>"; };
		AE219CC6234431180019F010 /* RepositoriesViewController.swift */ = {isa = PBXFileReference; lastKnownFileType = sourcecode.swift; path = RepositoriesViewController.swift; sourceTree = "<group>"; };
		AE219CCA2344314B0019F010 /* PullRequestsListViewController.swift */ = {isa = PBXFileReference; lastKnownFileType = sourcecode.swift; path = PullRequestsListViewController.swift; sourceTree = "<group>"; };
		AE219CCE234432DE0019F010 /* UINavigationController+Extension.swift */ = {isa = PBXFileReference; lastKnownFileType = sourcecode.swift; path = "UINavigationController+Extension.swift"; sourceTree = "<group>"; };
		AE219CD1234435880019F010 /* WebServices.swift */ = {isa = PBXFileReference; lastKnownFileType = sourcecode.swift; path = WebServices.swift; sourceTree = "<group>"; };
		AE219CD3234436570019F010 /* URLSession+Extension.swift */ = {isa = PBXFileReference; lastKnownFileType = sourcecode.swift; path = "URLSession+Extension.swift"; sourceTree = "<group>"; };
		AE219CD52346D3380019F010 /* RepositoriesPresenter.swift */ = {isa = PBXFileReference; lastKnownFileType = sourcecode.swift; path = RepositoriesPresenter.swift; sourceTree = "<group>"; };
		AE45E4592140E54000E825AC /* UIImageView+Extension.swift */ = {isa = PBXFileReference; lastKnownFileType = sourcecode.swift; path = "UIImageView+Extension.swift"; sourceTree = "<group>"; };
		AE45E45C2141686D00E825AC /* PullRequestsTableViewCell.swift */ = {isa = PBXFileReference; lastKnownFileType = sourcecode.swift; path = PullRequestsTableViewCell.swift; sourceTree = "<group>"; };
		AE45E4632141758B00E825AC /* PullRequest.swift */ = {isa = PBXFileReference; lastKnownFileType = sourcecode.swift; path = PullRequest.swift; sourceTree = "<group>"; };
		AE675C1A213F8A5200DACC3F /* BestRepos.app */ = {isa = PBXFileReference; explicitFileType = wrapper.application; includeInIndex = 0; path = BestRepos.app; sourceTree = BUILT_PRODUCTS_DIR; };
		AE675C1D213F8A5200DACC3F /* AppDelegate.swift */ = {isa = PBXFileReference; lastKnownFileType = sourcecode.swift; path = AppDelegate.swift; sourceTree = "<group>"; };
		AE675C24213F8A5300DACC3F /* Assets.xcassets */ = {isa = PBXFileReference; lastKnownFileType = folder.assetcatalog; path = Assets.xcassets; sourceTree = "<group>"; };
		AE675C27213F8A5300DACC3F /* Base */ = {isa = PBXFileReference; lastKnownFileType = file.storyboard; name = Base; path = Base.lproj/LaunchScreen.storyboard; sourceTree = "<group>"; };
		AE675C29213F8A5300DACC3F /* Info.plist */ = {isa = PBXFileReference; lastKnownFileType = text.plist.xml; path = Info.plist; sourceTree = "<group>"; };
		AE805791234916C300229787 /* RepositoryListViewModel.swift */ = {isa = PBXFileReference; fileEncoding = 4; lastKnownFileType = sourcecode.swift; path = RepositoryListViewModel.swift; sourceTree = "<group>"; };
		AE805798234A397100229787 /* Coordinator.swift */ = {isa = PBXFileReference; lastKnownFileType = sourcecode.swift; path = Coordinator.swift; sourceTree = "<group>"; };
		AE80579A234A3BDE00229787 /* BaseCoordinator.swift */ = {isa = PBXFileReference; lastKnownFileType = sourcecode.swift; path = BaseCoordinator.swift; sourceTree = "<group>"; };
		AE80579C234A3C1B00229787 /* AppCoordinator.swift */ = {isa = PBXFileReference; lastKnownFileType = sourcecode.swift; path = AppCoordinator.swift; sourceTree = "<group>"; };
		AE80579E234A3CD900229787 /* Flow.swift */ = {isa = PBXFileReference; lastKnownFileType = sourcecode.swift; path = Flow.swift; sourceTree = "<group>"; };
		AEB4378221405E14006CBBFE /* Repository.swift */ = {isa = PBXFileReference; lastKnownFileType = sourcecode.swift; path = Repository.swift; sourceTree = "<group>"; };
		AEC8DFF821400FAD002EED88 /* RepositoryCell.swift */ = {isa = PBXFileReference; lastKnownFileType = sourcecode.swift; path = RepositoryCell.swift; sourceTree = "<group>"; };
/* End PBXFileReference section */

/* Begin PBXFrameworksBuildPhase section */
		AE675C17213F8A5200DACC3F /* Frameworks */ = {
			isa = PBXFrameworksBuildPhase;
			buildActionMask = 2147483647;
			files = (
			);
			runOnlyForDeploymentPostprocessing = 0;
		};
/* End PBXFrameworksBuildPhase section */

/* Begin PBXGroup section */
		66A57F6429C4AEC40002A6CD /* Models */ = {
			isa = PBXGroup;
			children = (
				AEB4378221405E14006CBBFE /* Repository.swift */,
				AE45E4632141758B00E825AC /* PullRequest.swift */,
				AE133BA223442C670040234B /* User.swift */,
				AE133BA423442CB00040234B /* Owner.swift */,
			);
			path = Models;
			sourceTree = "<group>";
		};
		66A57F6529C4B1840002A6CD /* Protocols */ = {
			isa = PBXGroup;
			children = (
				66A57F6629C4B1940002A6CD /* ReusableView.swift */,
			);
			path = Protocols;
			sourceTree = "<group>";
		};
		66A57F6829C4B4AF0002A6CD /* Screen */ = {
			isa = PBXGroup;
			children = (
				AE219CC6234431180019F010 /* RepositoriesViewController.swift */,
				66A57F6B29C4B4E70002A6CD /* RepositoriesView.swift */,
				AE219CCA2344314B0019F010 /* PullRequestsListViewController.swift */,
			);
			path = Screen;
			sourceTree = "<group>";
		};
		66A57F6D29C4C6720002A6CD /* Views */ = {
			isa = PBXGroup;
			children = (
				66A57F6E29C4C68E0002A6CD /* RepoNumbersView.swift */,
			);
			path = Views;
			sourceTree = "<group>";
		};
		66A57F7029C4CA5A0002A6CD /* Helpers */ = {
			isa = PBXGroup;
			children = (
				66A57F7129C4CA700002A6CD /* UIImageName.swift */,
			);
			path = Helpers;
			sourceTree = "<group>";
		};
		66F67FE529C4790900AC3452 /* Constants */ = {
			isa = PBXGroup;
			children = (
				66F67FE629C4791E00AC3452 /* Constants.swift */,
			);
			path = Constants;
			sourceTree = "<group>";
		};
		A2EEDAE5DED622924BA6D1C6 /* Frameworks */ = {
			isa = PBXGroup;
			children = (
			);
			name = Frameworks;
			sourceTree = "<group>";
		};
		AE133BA623442D3B0040234B /* Supporting Files */ = {
			isa = PBXGroup;
			children = (
				AE675C26213F8A5300DACC3F /* LaunchScreen.storyboard */,
				AE675C24213F8A5300DACC3F /* Assets.xcassets */,
				AE675C29213F8A5300DACC3F /* Info.plist */,
			);
			path = "Supporting Files";
			sourceTree = "<group>";
		};
		AE219CD0234435710019F010 /* Services */ = {
			isa = PBXGroup;
			children = (
				AE219CD1234435880019F010 /* WebServices.swift */,
			);
			path = Services;
			sourceTree = "<group>";
		};
		AE45E4582140E51600E825AC /* Extensions */ = {
			isa = PBXGroup;
			children = (
				AE45E4592140E54000E825AC /* UIImageView+Extension.swift */,
				AE219CCE234432DE0019F010 /* UINavigationController+Extension.swift */,
				AE219CD3234436570019F010 /* URLSession+Extension.swift */,
				66F67FE929C4820A00AC3452 /* UIViewController+Extensions.swift */,
			);
			path = Extensions;
			sourceTree = "<group>";
		};
		AE45E45B2141684E00E825AC /* Model */ = {
			isa = PBXGroup;
			children = (
				66A57F7029C4CA5A0002A6CD /* Helpers */,
				66F67FE529C4790900AC3452 /* Constants */,
				AE45E4582140E51600E825AC /* Extensions */,
				AE219CD0234435710019F010 /* Services */,
				66A57F6429C4AEC40002A6CD /* Models */,
			);
			path = Model;
			sourceTree = "<group>";
		};
		AE45E462214174E900E825AC /* Presenter */ = {
			isa = PBXGroup;
			children = (
				AE805791234916C300229787 /* RepositoryListViewModel.swift */,
				AE219CD52346D3380019F010 /* RepositoriesPresenter.swift */,
			);
			path = Presenter;
			sourceTree = "<group>";
		};
		AE675C11213F8A5100DACC3F = {
			isa = PBXGroup;
			children = (
				AE675C1C213F8A5200DACC3F /* BestRepos */,
				AE133BA623442D3B0040234B /* Supporting Files */,
				AE675C1B213F8A5200DACC3F /* Products */,
				A2EEDAE5DED622924BA6D1C6 /* Frameworks */,
			);
			sourceTree = "<group>";
		};
		AE675C1B213F8A5200DACC3F /* Products */ = {
			isa = PBXGroup;
			children = (
				AE675C1A213F8A5200DACC3F /* BestRepos.app */,
			);
			name = Products;
			sourceTree = "<group>";
		};
		AE675C1C213F8A5200DACC3F /* BestRepos */ = {
			isa = PBXGroup;
			children = (
				AE675C1D213F8A5200DACC3F /* AppDelegate.swift */,
				AE805797234A391D00229787 /* Coordinator */,
				AE45E45B2141684E00E825AC /* Model */,
				AE45E462214174E900E825AC /* Presenter */,
				AED8582A213FFDF000F5A947 /* View */,
			);
			path = BestRepos;
			sourceTree = "<group>";
		};
		AE805797234A391D00229787 /* Coordinator */ = {
			isa = PBXGroup;
			children = (
				AE805798234A397100229787 /* Coordinator.swift */,
				AE80579A234A3BDE00229787 /* BaseCoordinator.swift */,
				AE80579C234A3C1B00229787 /* AppCoordinator.swift */,
				AE80579E234A3CD900229787 /* Flow.swift */,
			);
			path = Coordinator;
			sourceTree = "<group>";
		};
		AEC8DFFC21400FB4002EED88 /* Cells */ = {
			isa = PBXGroup;
			children = (
				AEC8DFF821400FAD002EED88 /* RepositoryCell.swift */,
				AE45E45C2141686D00E825AC /* PullRequestsTableViewCell.swift */,
			);
			path = Cells;
			sourceTree = "<group>";
		};
		AED8582A213FFDF000F5A947 /* View */ = {
			isa = PBXGroup;
			children = (
				66A57F6D29C4C6720002A6CD /* Views */,
				66A57F6829C4B4AF0002A6CD /* Screen */,
				66A57F6529C4B1840002A6CD /* Protocols */,
				AEC8DFFC21400FB4002EED88 /* Cells */,
			);
			path = View;
			sourceTree = "<group>";
		};
/* End PBXGroup section */

/* Begin PBXNativeTarget section */
		AE675C19213F8A5200DACC3F /* BestRepos */ = {
			isa = PBXNativeTarget;
			buildConfigurationList = AE675C2C213F8A5300DACC3F /* Build configuration list for PBXNativeTarget "BestRepos" */;
			buildPhases = (
				AE675C16213F8A5200DACC3F /* Sources */,
				AE675C17213F8A5200DACC3F /* Frameworks */,
				AE675C18213F8A5200DACC3F /* Resources */,
			);
			buildRules = (
			);
			dependencies = (
			);
			name = BestRepos;
			productName = BestRepos;
			productReference = AE675C1A213F8A5200DACC3F /* BestRepos.app */;
			productType = "com.apple.product-type.application";
		};
/* End PBXNativeTarget section */

/* Begin PBXProject section */
		AE675C12213F8A5100DACC3F /* Project object */ = {
			isa = PBXProject;
			attributes = {
				LastSwiftUpdateCheck = 0940;
				LastUpgradeCheck = 1420;
				ORGANIZATIONNAME = "Giovanni Pellizzoni";
				TargetAttributes = {
					AE675C19213F8A5200DACC3F = {
						CreatedOnToolsVersion = 9.4.1;
						LastSwiftMigration = 1100;
					};
				};
			};
			buildConfigurationList = AE675C15213F8A5100DACC3F /* Build configuration list for PBXProject "BestRepos" */;
			compatibilityVersion = "Xcode 9.3";
			developmentRegion = en;
			hasScannedForEncodings = 0;
			knownRegions = (
				en,
				Base,
			);
			mainGroup = AE675C11213F8A5100DACC3F;
			productRefGroup = AE675C1B213F8A5200DACC3F /* Products */;
			projectDirPath = "";
			projectRoot = "";
			targets = (
				AE675C19213F8A5200DACC3F /* BestRepos */,
			);
		};
/* End PBXProject section */

/* Begin PBXResourcesBuildPhase section */
		AE675C18213F8A5200DACC3F /* Resources */ = {
			isa = PBXResourcesBuildPhase;
			buildActionMask = 2147483647;
			files = (
				AE675C28213F8A5300DACC3F /* LaunchScreen.storyboard in Resources */,
				AE675C25213F8A5300DACC3F /* Assets.xcassets in Resources */,
			);
			runOnlyForDeploymentPostprocessing = 0;
		};
/* End PBXResourcesBuildPhase section */

/* Begin PBXSourcesBuildPhase section */
		AE675C16213F8A5200DACC3F /* Sources */ = {
			isa = PBXSourcesBuildPhase;
			buildActionMask = 2147483647;
			files = (
				AE80579F234A3CD900229787 /* Flow.swift in Sources */,
				66F67FE729C4791E00AC3452 /* Constants.swift in Sources */,
				AE45E45E2141686D00E825AC /* PullRequestsTableViewCell.swift in Sources */,
				AEC8DFFA21400FAD002EED88 /* RepositoryCell.swift in Sources */,
				AE219CD2234435880019F010 /* WebServices.swift in Sources */,
				66A57F6F29C4C68E0002A6CD /* RepoNumbersView.swift in Sources */,
				66F67FEA29C4820A00AC3452 /* UIViewController+Extensions.swift in Sources */,
				AE219CCF234432DE0019F010 /* UINavigationController+Extension.swift in Sources */,
				AE219CD62346D3380019F010 /* RepositoriesPresenter.swift in Sources */,
				66A57F6729C4B1940002A6CD /* ReusableView.swift in Sources */,
				AE45E4642141758B00E825AC /* PullRequest.swift in Sources */,
				AE805799234A397100229787 /* Coordinator.swift in Sources */,
				66A57F6C29C4B4E70002A6CD /* RepositoriesView.swift in Sources */,
				66A57F7229C4CA700002A6CD /* UIImageName.swift in Sources */,
				AE133BA523442CB00040234B /* Owner.swift in Sources */,
				AE219CC8234431180019F010 /* RepositoriesViewController.swift in Sources */,
				AE45E45A2140E54000E825AC /* UIImageView+Extension.swift in Sources */,
				AE80579D234A3C1B00229787 /* AppCoordinator.swift in Sources */,
				AE133BA323442C670040234B /* User.swift in Sources */,
				AE675C1E213F8A5200DACC3F /* AppDelegate.swift in Sources */,
				AE219CD4234436570019F010 /* URLSession+Extension.swift in Sources */,
				AE80579B234A3BDE00229787 /* BaseCoordinator.swift in Sources */,
				AE805792234916C300229787 /* RepositoryListViewModel.swift in Sources */,
				AEB4378321405E14006CBBFE /* Repository.swift in Sources */,
				AE219CCC2344314B0019F010 /* PullRequestsListViewController.swift in Sources */,
			);
			runOnlyForDeploymentPostprocessing = 0;
		};
/* End PBXSourcesBuildPhase section */

/* Begin PBXVariantGroup section */
		AE675C26213F8A5300DACC3F /* LaunchScreen.storyboard */ = {
			isa = PBXVariantGroup;
			children = (
				AE675C27213F8A5300DACC3F /* Base */,
			);
			name = LaunchScreen.storyboard;
			sourceTree = "<group>";
		};
/* End PBXVariantGroup section */

/* Begin XCBuildConfiguration section */
		AE675C2A213F8A5300DACC3F /* Debug */ = {
			isa = XCBuildConfiguration;
			buildSettings = {
				ALWAYS_SEARCH_USER_PATHS = NO;
				CLANG_ANALYZER_NONNULL = YES;
				CLANG_ANALYZER_NUMBER_OBJECT_CONVERSION = YES_AGGRESSIVE;
				CLANG_CXX_LANGUAGE_STANDARD = "gnu++14";
				CLANG_CXX_LIBRARY = "libc++";
				CLANG_ENABLE_MODULES = YES;
				CLANG_ENABLE_OBJC_ARC = YES;
				CLANG_ENABLE_OBJC_WEAK = YES;
				CLANG_WARN_BLOCK_CAPTURE_AUTORELEASING = YES;
				CLANG_WARN_BOOL_CONVERSION = YES;
				CLANG_WARN_COMMA = YES;
				CLANG_WARN_CONSTANT_CONVERSION = YES;
				CLANG_WARN_DEPRECATED_OBJC_IMPLEMENTATIONS = YES;
				CLANG_WARN_DIRECT_OBJC_ISA_USAGE = YES_ERROR;
				CLANG_WARN_DOCUMENTATION_COMMENTS = YES;
				CLANG_WARN_EMPTY_BODY = YES;
				CLANG_WARN_ENUM_CONVERSION = YES;
				CLANG_WARN_INFINITE_RECURSION = YES;
				CLANG_WARN_INT_CONVERSION = YES;
				CLANG_WARN_NON_LITERAL_NULL_CONVERSION = YES;
				CLANG_WARN_OBJC_IMPLICIT_RETAIN_SELF = YES;
				CLANG_WARN_OBJC_LITERAL_CONVERSION = YES;
				CLANG_WARN_OBJC_ROOT_CLASS = YES_ERROR;
				CLANG_WARN_QUOTED_INCLUDE_IN_FRAMEWORK_HEADER = YES;
				CLANG_WARN_RANGE_LOOP_ANALYSIS = YES;
				CLANG_WARN_STRICT_PROTOTYPES = YES;
				CLANG_WARN_SUSPICIOUS_MOVE = YES;
				CLANG_WARN_UNGUARDED_AVAILABILITY = YES_AGGRESSIVE;
				CLANG_WARN_UNREACHABLE_CODE = YES;
				CLANG_WARN__DUPLICATE_METHOD_MATCH = YES;
				CODE_SIGN_IDENTITY = "iPhone Developer";
				COPY_PHASE_STRIP = NO;
				DEBUG_INFORMATION_FORMAT = dwarf;
				ENABLE_STRICT_OBJC_MSGSEND = YES;
				ENABLE_TESTABILITY = YES;
				GCC_C_LANGUAGE_STANDARD = gnu11;
				GCC_DYNAMIC_NO_PIC = NO;
				GCC_NO_COMMON_BLOCKS = YES;
				GCC_OPTIMIZATION_LEVEL = 0;
				GCC_PREPROCESSOR_DEFINITIONS = (
					"DEBUG=1",
					"$(inherited)",
				);
				GCC_WARN_64_TO_32_BIT_CONVERSION = YES;
				GCC_WARN_ABOUT_RETURN_TYPE = YES_ERROR;
				GCC_WARN_UNDECLARED_SELECTOR = YES;
				GCC_WARN_UNINITIALIZED_AUTOS = YES_AGGRESSIVE;
				GCC_WARN_UNUSED_FUNCTION = YES;
				GCC_WARN_UNUSED_VARIABLE = YES;
				IPHONEOS_DEPLOYMENT_TARGET = 16.0;
				MTL_ENABLE_DEBUG_INFO = YES;
				ONLY_ACTIVE_ARCH = YES;
				SDKROOT = iphoneos;
				SWIFT_ACTIVE_COMPILATION_CONDITIONS = DEBUG;
				SWIFT_OPTIMIZATION_LEVEL = "-Onone";
			};
			name = Debug;
		};
		AE675C2B213F8A5300DACC3F /* Release */ = {
			isa = XCBuildConfiguration;
			buildSettings = {
				ALWAYS_SEARCH_USER_PATHS = NO;
				CLANG_ANALYZER_NONNULL = YES;
				CLANG_ANALYZER_NUMBER_OBJECT_CONVERSION = YES_AGGRESSIVE;
				CLANG_CXX_LANGUAGE_STANDARD = "gnu++14";
				CLANG_CXX_LIBRARY = "libc++";
				CLANG_ENABLE_MODULES = YES;
				CLANG_ENABLE_OBJC_ARC = YES;
				CLANG_ENABLE_OBJC_WEAK = YES;
				CLANG_WARN_BLOCK_CAPTURE_AUTORELEASING = YES;
				CLANG_WARN_BOOL_CONVERSION = YES;
				CLANG_WARN_COMMA = YES;
				CLANG_WARN_CONSTANT_CONVERSION = YES;
				CLANG_WARN_DEPRECATED_OBJC_IMPLEMENTATIONS = YES;
				CLANG_WARN_DIRECT_OBJC_ISA_USAGE = YES_ERROR;
				CLANG_WARN_DOCUMENTATION_COMMENTS = YES;
				CLANG_WARN_EMPTY_BODY = YES;
				CLANG_WARN_ENUM_CONVERSION = YES;
				CLANG_WARN_INFINITE_RECURSION = YES;
				CLANG_WARN_INT_CONVERSION = YES;
				CLANG_WARN_NON_LITERAL_NULL_CONVERSION = YES;
				CLANG_WARN_OBJC_IMPLICIT_RETAIN_SELF = YES;
				CLANG_WARN_OBJC_LITERAL_CONVERSION = YES;
				CLANG_WARN_OBJC_ROOT_CLASS = YES_ERROR;
				CLANG_WARN_QUOTED_INCLUDE_IN_FRAMEWORK_HEADER = YES;
				CLANG_WARN_RANGE_LOOP_ANALYSIS = YES;
				CLANG_WARN_STRICT_PROTOTYPES = YES;
				CLANG_WARN_SUSPICIOUS_MOVE = YES;
				CLANG_WARN_UNGUARDED_AVAILABILITY = YES_AGGRESSIVE;
				CLANG_WARN_UNREACHABLE_CODE = YES;
				CLANG_WARN__DUPLICATE_METHOD_MATCH = YES;
				CODE_SIGN_IDENTITY = "iPhone Developer";
				COPY_PHASE_STRIP = NO;
				DEBUG_INFORMATION_FORMAT = "dwarf-with-dsym";
				ENABLE_NS_ASSERTIONS = NO;
				ENABLE_STRICT_OBJC_MSGSEND = YES;
				GCC_C_LANGUAGE_STANDARD = gnu11;
				GCC_NO_COMMON_BLOCKS = YES;
				GCC_WARN_64_TO_32_BIT_CONVERSION = YES;
				GCC_WARN_ABOUT_RETURN_TYPE = YES_ERROR;
				GCC_WARN_UNDECLARED_SELECTOR = YES;
				GCC_WARN_UNINITIALIZED_AUTOS = YES_AGGRESSIVE;
				GCC_WARN_UNUSED_FUNCTION = YES;
				GCC_WARN_UNUSED_VARIABLE = YES;
				IPHONEOS_DEPLOYMENT_TARGET = 16.0;
				MTL_ENABLE_DEBUG_INFO = NO;
				SDKROOT = iphoneos;
				SWIFT_COMPILATION_MODE = wholemodule;
				SWIFT_OPTIMIZATION_LEVEL = "-O";
				VALIDATE_PRODUCT = YES;
			};
			name = Release;
		};
		AE675C2D213F8A5300DACC3F /* Debug */ = {
			isa = XCBuildConfiguration;
			buildSettings = {
				ASSETCATALOG_COMPILER_APPICON_NAME = AppIcon;
				CODE_SIGN_IDENTITY = "Apple Development";
				CODE_SIGN_STYLE = Automatic;
				DEVELOPMENT_TEAM = 4WRD8WA3J7;
				INFOPLIST_FILE = "$(SRCROOT)/Supporting Files/Info.plist";
				IPHONEOS_DEPLOYMENT_TARGET = 16.0;
				LD_RUNPATH_SEARCH_PATHS = (
					"$(inherited)",
					"@executable_path/Frameworks",
				);
				PRODUCT_BUNDLE_IDENTIFIER = com.pellizzonicode.BestRepos;
				PRODUCT_NAME = "$(TARGET_NAME)";
				PROVISIONING_PROFILE_SPECIFIER = "";
				SWIFT_VERSION = 5.0;
				TARGETED_DEVICE_FAMILY = "1,2";
			};
			name = Debug;
		};
		AE675C2E213F8A5300DACC3F /* Release */ = {
			isa = XCBuildConfiguration;
			buildSettings = {
				ASSETCATALOG_COMPILER_APPICON_NAME = AppIcon;
				CODE_SIGN_IDENTITY = "Apple Development";
				CODE_SIGN_STYLE = Automatic;
				DEVELOPMENT_TEAM = 4WRD8WA3J7;
				INFOPLIST_FILE = "$(SRCROOT)/Supporting Files/Info.plist";
				IPHONEOS_DEPLOYMENT_TARGET = 16.0;
				LD_RUNPATH_SEARCH_PATHS = (
					"$(inherited)",
					"@executable_path/Frameworks",
				);
				PRODUCT_BUNDLE_IDENTIFIER = com.pellizzonicode.BestRepos;
				PRODUCT_NAME = "$(TARGET_NAME)";
				PROVISIONING_PROFILE_SPECIFIER = "";
				SWIFT_VERSION = 5.0;
				TARGETED_DEVICE_FAMILY = "1,2";
			};
			name = Release;
		};
/* End XCBuildConfiguration section */

/* Begin XCConfigurationList section */
		AE675C15213F8A5100DACC3F /* Build configuration list for PBXProject "BestRepos" */ = {
			isa = XCConfigurationList;
			buildConfigurations = (
				AE675C2A213F8A5300DACC3F /* Debug */,
				AE675C2B213F8A5300DACC3F /* Release */,
			);
			defaultConfigurationIsVisible = 0;
			defaultConfigurationName = Release;
		};
		AE675C2C213F8A5300DACC3F /* Build configuration list for PBXNativeTarget "BestRepos" */ = {
			isa = XCConfigurationList;
			buildConfigurations = (
				AE675C2D213F8A5300DACC3F /* Debug */,
				AE675C2E213F8A5300DACC3F /* Release */,
			);
			defaultConfigurationIsVisible = 0;
			defaultConfigurationName = Release;
		};
/* End XCConfigurationList section */
	};
	rootObject = AE675C12213F8A5100DACC3F /* Project object */;
}
